
Microsoft Visual Studio Solution File, Format Version 12.00
# Visual Studio Version 16
VisualStudioVersion = 16.0.33529.622
MinimumVisualStudioVersion = 10.0.40219.1
Project("{FAE04EC0-301F-11D3-BF4B-00C04F79EFBC}") = "Lab9Ex", "Lab9Ex\Lab9Ex.csproj", "{ED2AB890-EDF4-4435-BC21-FCDAE5A63120}"
EndProject
Global
	GlobalSection(SolutionConfigurationPlatforms) = preSolution
		Debug|Any CPU = Debug|Any CPU
		Release|Any CPU = Release|Any CPU
	EndGlobalSection
	GlobalSection(ProjectConfigurationPlatforms) = postSolution
		{ED2AB890-EDF4-4435-BC21-FCDAE5A63120}.Debug|Any CPU.ActiveCfg = Debug|Any CPU
		{ED2AB890-EDF4-4435-BC21-FCDAE5A63120}.Debug|Any CPU.Build.0 = Debug|Any CPU
		{ED2AB890-EDF4-4435-BC21-FCDAE5A63120}.Release|Any CPU.ActiveCfg = Release|Any CPU
		{ED2AB890-EDF4-4435-BC21-FCDAE5A63120}.Release|Any CPU.Build.0 = Release|Any CPU
	EndGlobalSection
	GlobalSection(SolutionProperties) = preSolution
		HideSolutionNode = FALSE
	EndGlobalSection
	GlobalSection(ExtensibilityGlobals) = postSolution
		SolutionGuid = {F24BA9BF-561A-44FA-AADE-73E285A83977}
	EndGlobalSection
EndGlobal
